
Microsoft Visual Studio Solution File, Format Version 12.00
# Visual Studio 15
VisualStudioVersion = 15.0.28010.2026
MinimumVisualStudioVersion = 10.0.40219.1
Project("{FAE04EC0-301F-11D3-BF4B-00C04F79EFBC}") = "TrackApp.Android", "TrackApp\TrackApp.Android\TrackApp.Android.csproj", "{C9FA3D5B-8428-4EDE-9A6C-ADF097D3A036}"
EndProject
Project("{FAE04EC0-301F-11D3-BF4B-00C04F79EFBC}") = "TrackApp.iOS", "TrackApp\TrackApp.iOS\TrackApp.iOS.csproj", "{FA9D0A97-C515-4427-A1C1-7B2B6AF40A50}"
EndProject
Project("{FAE04EC0-301F-11D3-BF4B-00C04F79EFBC}") = "TrackApp", "TrackApp\TrackApp\TrackApp.csproj", "{AFDE0DAD-0EC1-4CD3-91AF-B94475E58864}"
EndProject
Global
	GlobalSection(SolutionConfigurationPlatforms) = preSolution
		Ad-Hoc|Any CPU = Ad-Hoc|Any CPU
		Ad-Hoc|iPhone = Ad-Hoc|iPhone
		Ad-Hoc|iPhoneSimulator = Ad-Hoc|iPhoneSimulator
		AppStore|Any CPU = AppStore|Any CPU
		AppStore|iPhone = AppStore|iPhone
		AppStore|iPhoneSimulator = AppStore|iPhoneSimulator
		Debug|Any CPU = Debug|Any CPU
		Debug|iPhone = Debug|iPhone
		Debug|iPhoneSimulator = Debug|iPhoneSimulator
		Release|Any CPU = Release|Any CPU
		Release|iPhone = Release|iPhone
		Release|iPhoneSimulator = Release|iPhoneSimulator
	EndGlobalSection
	GlobalSection(ProjectConfigurationPlatforms) = postSolution
		{C9FA3D5B-8428-4EDE-9A6C-ADF097D3A036}.Ad-Hoc|Any CPU.ActiveCfg = Release|Any CPU
		{C9FA3D5B-8428-4EDE-9A6C-ADF097D3A036}.Ad-Hoc|Any CPU.Build.0 = Release|Any CPU
		{C9FA3D5B-8428-4EDE-9A6C-ADF097D3A036}.Ad-Hoc|Any CPU.Deploy.0 = Release|Any CPU
		{C9FA3D5B-8428-4EDE-9A6C-ADF097D3A036}.Ad-Hoc|iPhone.ActiveCfg = Release|Any CPU
		{C9FA3D5B-8428-4EDE-9A6C-ADF097D3A036}.Ad-Hoc|iPhone.Build.0 = Release|Any CPU
		{C9FA3D5B-8428-4EDE-9A6C-ADF097D3A036}.Ad-Hoc|iPhone.Deploy.0 = Release|Any CPU
		{C9FA3D5B-8428-4EDE-9A6C-ADF097D3A036}.Ad-Hoc|iPhoneSimulator.ActiveCfg = Release|Any CPU
		{C9FA3D5B-8428-4EDE-9A6C-ADF097D3A036}.Ad-Hoc|iPhoneSimulator.Build.0 = Release|Any CPU
		{C9FA3D5B-8428-4EDE-9A6C-ADF097D3A036}.Ad-Hoc|iPhoneSimulator.Deploy.0 = Release|Any CPU
		{C9FA3D5B-8428-4EDE-9A6C-ADF097D3A036}.AppStore|Any CPU.ActiveCfg = Release|Any CPU
		{C9FA3D5B-8428-4EDE-9A6C-ADF097D3A036}.AppStore|Any CPU.Build.0 = Release|Any CPU
		{C9FA3D5B-8428-4EDE-9A6C-ADF097D3A036}.AppStore|Any CPU.Deploy.0 = Release|Any CPU
		{C9FA3D5B-8428-4EDE-9A6C-ADF097D3A036}.AppStore|iPhone.ActiveCfg = Release|Any CPU
		{C9FA3D5B-8428-4EDE-9A6C-ADF097D3A036}.AppStore|iPhone.Build.0 = Release|Any CPU
		{C9FA3D5B-8428-4EDE-9A6C-ADF097D3A036}.AppStore|iPhone.Deploy.0 = Release|Any CPU
		{C9FA3D5B-8428-4EDE-9A6C-ADF097D3A036}.AppStore|iPhoneSimulator.ActiveCfg = Release|Any CPU
		{C9FA3D5B-8428-4EDE-9A6C-ADF097D3A036}.AppStore|iPhoneSimulator.Build.0 = Release|Any CPU
		{C9FA3D5B-8428-4EDE-9A6C-ADF097D3A036}.AppStore|iPhoneSimulator.Deploy.0 = Release|Any CPU
		{C9FA3D5B-8428-4EDE-9A6C-ADF097D3A036}.Debug|Any CPU.ActiveCfg = Debug|Any CPU
		{C9FA3D5B-8428-4EDE-9A6C-ADF097D3A036}.Debug|Any CPU.Build.0 = Debug|Any CPU
		{C9FA3D5B-8428-4EDE-9A6C-ADF097D3A036}.Debug|Any CPU.Deploy.0 = Debug|Any CPU
		{C9FA3D5B-8428-4EDE-9A6C-ADF097D3A036}.Debug|iPhone.ActiveCfg = Debug|Any CPU
		{C9FA3D5B-8428-4EDE-9A6C-ADF097D3A036}.Debug|iPhone.Build.0 = Debug|Any CPU
		{C9FA3D5B-8428-4EDE-9A6C-ADF097D3A036}.Debug|iPhone.Deploy.0 = Debug|Any CPU
		{C9FA3D5B-8428-4EDE-9A6C-ADF097D3A036}.Debug|iPhoneSimulator.ActiveCfg = Debug|Any CPU
		{C9FA3D5B-8428-4EDE-9A6C-ADF097D3A036}.Debug|iPhoneSimulator.Build.0 = Debug|Any CPU
		{C9FA3D5B-8428-4EDE-9A6C-ADF097D3A036}.Debug|iPhoneSimulator.Deploy.0 = Debug|Any CPU
		{C9FA3D5B-8428-4EDE-9A6C-ADF097D3A036}.Release|Any CPU.ActiveCfg = Release|Any CPU
		{C9FA3D5B-8428-4EDE-9A6C-ADF097D3A036}.Release|Any CPU.Build.0 = Release|Any CPU
		{C9FA3D5B-8428-4EDE-9A6C-ADF097D3A036}.Release|Any CPU.Deploy.0 = Release|Any CPU
		{C9FA3D5B-8428-4EDE-9A6C-ADF097D3A036}.Release|iPhone.ActiveCfg = Release|Any CPU
		{C9FA3D5B-8428-4EDE-9A6C-ADF097D3A036}.Release|iPhone.Build.0 = Release|Any CPU
		{C9FA3D5B-8428-4EDE-9A6C-ADF097D3A036}.Release|iPhone.Deploy.0 = Release|Any CPU
		{C9FA3D5B-8428-4EDE-9A6C-ADF097D3A036}.Release|iPhoneSimulator.ActiveCfg = Release|Any CPU
		{C9FA3D5B-8428-4EDE-9A6C-ADF097D3A036}.Release|iPhoneSimulator.Build.0 = Release|Any CPU
		{C9FA3D5B-8428-4EDE-9A6C-ADF097D3A036}.Release|iPhoneSimulator.Deploy.0 = Release|Any CPU
		{FA9D0A97-C515-4427-A1C1-7B2B6AF40A50}.Ad-Hoc|Any CPU.ActiveCfg = Ad-Hoc|iPhone
		{FA9D0A97-C515-4427-A1C1-7B2B6AF40A50}.Ad-Hoc|Any CPU.Build.0 = Ad-Hoc|iPhone
		{FA9D0A97-C515-4427-A1C1-7B2B6AF40A50}.Ad-Hoc|Any CPU.Deploy.0 = Ad-Hoc|iPhone
		{FA9D0A97-C515-4427-A1C1-7B2B6AF40A50}.Ad-Hoc|iPhone.ActiveCfg = Ad-Hoc|iPhone
		{FA9D0A97-C515-4427-A1C1-7B2B6AF40A50}.Ad-Hoc|iPhone.Build.0 = Ad-Hoc|iPhone
		{FA9D0A97-C515-4427-A1C1-7B2B6AF40A50}.Ad-Hoc|iPhone.Deploy.0 = Ad-Hoc|iPhone
		{FA9D0A97-C515-4427-A1C1-7B2B6AF40A50}.Ad-Hoc|iPhoneSimulator.ActiveCfg = Ad-Hoc|iPhoneSimulator
		{FA9D0A97-C515-4427-A1C1-7B2B6AF40A50}.Ad-Hoc|iPhoneSimulator.Build.0 = Ad-Hoc|iPhoneSimulator
		{FA9D0A97-C515-4427-A1C1-7B2B6AF40A50}.Ad-Hoc|iPhoneSimulator.Deploy.0 = Ad-Hoc|iPhoneSimulator
		{FA9D0A97-C515-4427-A1C1-7B2B6AF40A50}.AppStore|Any CPU.ActiveCfg = AppStore|iPhone
		{FA9D0A97-C515-4427-A1C1-7B2B6AF40A50}.AppStore|Any CPU.Build.0 = AppStore|iPhone
		{FA9D0A97-C515-4427-A1C1-7B2B6AF40A50}.AppStore|Any CPU.Deploy.0 = AppStore|iPhone
		{FA9D0A97-C515-4427-A1C1-7B2B6AF40A50}.AppStore|iPhone.ActiveCfg = AppStore|iPhone
		{FA9D0A97-C515-4427-A1C1-7B2B6AF40A50}.AppStore|iPhone.Build.0 = AppStore|iPhone
		{FA9D0A97-C515-4427-A1C1-7B2B6AF40A50}.AppStore|iPhone.Deploy.0 = AppStore|iPhone
		{FA9D0A97-C515-4427-A1C1-7B2B6AF40A50}.AppStore|iPhoneSimulator.ActiveCfg = AppStore|iPhoneSimulator
		{FA9D0A97-C515-4427-A1C1-7B2B6AF40A50}.AppStore|iPhoneSimulator.Build.0 = AppStore|iPhoneSimulator
		{FA9D0A97-C515-4427-A1C1-7B2B6AF40A50}.AppStore|iPhoneSimulator.Deploy.0 = AppStore|iPhoneSimulator
		{FA9D0A97-C515-4427-A1C1-7B2B6AF40A50}.Debug|Any CPU.ActiveCfg = Debug|iPhoneSimulator
		{FA9D0A97-C515-4427-A1C1-7B2B6AF40A50}.Debug|Any CPU.Build.0 = Debug|iPhoneSimulator
		{FA9D0A97-C515-4427-A1C1-7B2B6AF40A50}.Debug|Any CPU.Deploy.0 = Debug|iPhoneSimulator
		{FA9D0A97-C515-4427-A1C1-7B2B6AF40A50}.Debug|iPhone.ActiveCfg = Debug|iPhone
		{FA9D0A97-C515-4427-A1C1-7B2B6AF40A50}.Debug|iPhone.Build.0 = Debug|iPhone
		{FA9D0A97-C515-4427-A1C1-7B2B6AF40A50}.Debug|iPhone.Deploy.0 = Debug|iPhone
		{FA9D0A97-C515-4427-A1C1-7B2B6AF40A50}.Debug|iPhoneSimulator.ActiveCfg = Debug|iPhoneSimulator
		{FA9D0A97-C515-4427-A1C1-7B2B6AF40A50}.Debug|iPhoneSimulator.Build.0 = Debug|iPhoneSimulator
		{FA9D0A97-C515-4427-A1C1-7B2B6AF40A50}.Debug|iPhoneSimulator.Deploy.0 = Debug|iPhoneSimulator
		{FA9D0A97-C515-4427-A1C1-7B2B6AF40A50}.Release|Any CPU.ActiveCfg = Release|iPhone
		{FA9D0A97-C515-4427-A1C1-7B2B6AF40A50}.Release|Any CPU.Build.0 = Release|iPhone
		{FA9D0A97-C515-4427-A1C1-7B2B6AF40A50}.Release|Any CPU.Deploy.0 = Release|iPhone
		{FA9D0A97-C515-4427-A1C1-7B2B6AF40A50}.Release|iPhone.ActiveCfg = Release|iPhone
		{FA9D0A97-C515-4427-A1C1-7B2B6AF40A50}.Release|iPhone.Build.0 = Release|iPhone
		{FA9D0A97-C515-4427-A1C1-7B2B6AF40A50}.Release|iPhone.Deploy.0 = Release|iPhone
		{FA9D0A97-C515-4427-A1C1-7B2B6AF40A50}.Release|iPhoneSimulator.ActiveCfg = Release|iPhoneSimulator
		{FA9D0A97-C515-4427-A1C1-7B2B6AF40A50}.Release|iPhoneSimulator.Build.0 = Release|iPhoneSimulator
		{FA9D0A97-C515-4427-A1C1-7B2B6AF40A50}.Release|iPhoneSimulator.Deploy.0 = Release|iPhoneSimulator
		{AFDE0DAD-0EC1-4CD3-91AF-B94475E58864}.Ad-Hoc|Any CPU.ActiveCfg = Debug|Any CPU
		{AFDE0DAD-0EC1-4CD3-91AF-B94475E58864}.Ad-Hoc|Any CPU.Build.0 = Debug|Any CPU
		{AFDE0DAD-0EC1-4CD3-91AF-B94475E58864}.Ad-Hoc|Any CPU.Deploy.0 = Debug|Any CPU
		{AFDE0DAD-0EC1-4CD3-91AF-B94475E58864}.Ad-Hoc|iPhone.ActiveCfg = Debug|Any CPU
		{AFDE0DAD-0EC1-4CD3-91AF-B94475E58864}.Ad-Hoc|iPhone.Build.0 = Debug|Any CPU
		{AFDE0DAD-0EC1-4CD3-91AF-B94475E58864}.Ad-Hoc|iPhone.Deploy.0 = Debug|Any CPU
		{AFDE0DAD-0EC1-4CD3-91AF-B94475E58864}.Ad-Hoc|iPhoneSimulator.ActiveCfg = Debug|Any CPU
		{AFDE0DAD-0EC1-4CD3-91AF-B94475E58864}.Ad-Hoc|iPhoneSimulator.Build.0 = Debug|Any CPU
		{AFDE0DAD-0EC1-4CD3-91AF-B94475E58864}.Ad-Hoc|iPhoneSimulator.Deploy.0 = Debug|Any CPU
		{AFDE0DAD-0EC1-4CD3-91AF-B94475E58864}.AppStore|Any CPU.ActiveCfg = Debug|Any CPU
		{AFDE0DAD-0EC1-4CD3-91AF-B94475E58864}.AppStore|Any CPU.Build.0 = Debug|Any CPU
		{AFDE0DAD-0EC1-4CD3-91AF-B94475E58864}.AppStore|Any CPU.Deploy.0 = Debug|Any CPU
		{AFDE0DAD-0EC1-4CD3-91AF-B94475E58864}.AppStore|iPhone.ActiveCfg = Debug|Any CPU
		{AFDE0DAD-0EC1-4CD3-91AF-B94475E58864}.AppStore|iPhone.Build.0 = Debug|Any CPU
		{AFDE0DAD-0EC1-4CD3-91AF-B94475E58864}.AppStore|iPhone.Deploy.0 = Debug|Any CPU
		{AFDE0DAD-0EC1-4CD3-91AF-B94475E58864}.AppStore|iPhoneSimulator.ActiveCfg = Debug|Any CPU
		{AFDE0DAD-0EC1-4CD3-91AF-B94475E58864}.AppStore|iPhoneSimulator.Build.0 = Debug|Any CPU
		{AFDE0DAD-0EC1-4CD3-91AF-B94475E58864}.AppStore|iPhoneSimulator.Deploy.0 = Debug|Any CPU
		{AFDE0DAD-0EC1-4CD3-91AF-B94475E58864}.Debug|Any CPU.ActiveCfg = Debug|Any CPU
		{AFDE0DAD-0EC1-4CD3-91AF-B94475E58864}.Debug|Any CPU.Build.0 = Debug|Any CPU
		{AFDE0DAD-0EC1-4CD3-91AF-B94475E58864}.Debug|Any CPU.Deploy.0 = Debug|Any CPU
		{AFDE0DAD-0EC1-4CD3-91AF-B94475E58864}.Debug|iPhone.ActiveCfg = Debug|Any CPU
		{AFDE0DAD-0EC1-4CD3-91AF-B94475E58864}.Debug|iPhone.Build.0 = Debug|Any CPU
		{AFDE0DAD-0EC1-4CD3-91AF-B94475E58864}.Debug|iPhone.Deploy.0 = Debug|Any CPU
		{AFDE0DAD-0EC1-4CD3-91AF-B94475E58864}.Debug|iPhoneSimulator.ActiveCfg = Debug|Any CPU
		{AFDE0DAD-0EC1-4CD3-91AF-B94475E58864}.Debug|iPhoneSimulator.Build.0 = Debug|Any CPU
		{AFDE0DAD-0EC1-4CD3-91AF-B94475E58864}.Debug|iPhoneSimulator.Deploy.0 = Debug|Any CPU
		{AFDE0DAD-0EC1-4CD3-91AF-B94475E58864}.Release|Any CPU.ActiveCfg = Release|Any CPU
		{AFDE0DAD-0EC1-4CD3-91AF-B94475E58864}.Release|Any CPU.Build.0 = Release|Any CPU
		{AFDE0DAD-0EC1-4CD3-91AF-B94475E58864}.Release|Any CPU.Deploy.0 = Release|Any CPU
		{AFDE0DAD-0EC1-4CD3-91AF-B94475E58864}.Release|iPhone.ActiveCfg = Release|Any CPU
		{AFDE0DAD-0EC1-4CD3-91AF-B94475E58864}.Release|iPhone.Build.0 = Release|Any CPU
		{AFDE0DAD-0EC1-4CD3-91AF-B94475E58864}.Release|iPhone.Deploy.0 = Release|Any CPU
		{AFDE0DAD-0EC1-4CD3-91AF-B94475E58864}.Release|iPhoneSimulator.ActiveCfg = Release|Any CPU
		{AFDE0DAD-0EC1-4CD3-91AF-B94475E58864}.Release|iPhoneSimulator.Build.0 = Release|Any CPU
		{AFDE0DAD-0EC1-4CD3-91AF-B94475E58864}.Release|iPhoneSimulator.Deploy.0 = Release|Any CPU
	EndGlobalSection
	GlobalSection(SolutionProperties) = preSolution
		HideSolutionNode = FALSE
	EndGlobalSection
	GlobalSection(ExtensibilityGlobals) = postSolution
		SolutionGuid = {E6EADE12-B661-4FED-8F87-1BE59A08CCB1}
	EndGlobalSection
EndGlobal
