
Microsoft Visual Studio Solution File, Format Version 12.00
# Visual Studio 15
Project("{FAE04EC0-301F-11D3-BF4B-00C04F79EFBC}") = "TrackApp", "TrackApp.csproj", "{5FA5E183-11F1-4C74-92C2-8590D6C68C87}"
EndProject
Global
	GlobalSection(SolutionConfigurationPlatforms) = preSolution
		Debug|Any CPU = Debug|Any CPU
		Release|Any CPU = Release|Any CPU
	EndGlobalSection
	GlobalSection(ProjectConfigurationPlatforms) = postSolution
		{5FA5E183-11F1-4C74-92C2-8590D6C68C87}.Debug|Any CPU.ActiveCfg = Debug|Any CPU
		{5FA5E183-11F1-4C74-92C2-8590D6C68C87}.Debug|Any CPU.Build.0 = Debug|Any CPU
		{5FA5E183-11F1-4C74-92C2-8590D6C68C87}.Release|Any CPU.ActiveCfg = Release|Any CPU
		{5FA5E183-11F1-4C74-92C2-8590D6C68C87}.Release|Any CPU.Build.0 = Release|Any CPU
	EndGlobalSection
EndGlobal
